
Microsoft Visual Studio Solution File, Format Version 12.00
# Visual Studio 14
VisualStudioVersion = 14.0.23107.0
MinimumVisualStudioVersion = 10.0.40219.1
Project("{2150E333-8FDC-42A3-9474-1A3956D46DE8}") = "src", "src", "{9A404ECF-DF1D-4597-A91A-4150B636AE41}"
EndProject
Project("{2150E333-8FDC-42A3-9474-1A3956D46DE8}") = "Solution Items", "Solution Items", "{7D9C36B2-AE99-40D9-8ED6-10E5F075E313}"
	ProjectSection(SolutionItems) = preProject
		global.json = global.json
	EndProjectSection
EndProject
Project("{8BB2217D-0F2D-49D1-97BC-3654ED321F3B}") = "EventStorming", "src\EventStorming\EventStorming.xproj", "{3400DD98-7840-4E99-9286-52BD2E5B6759}"
EndProject
Project("{2150E333-8FDC-42A3-9474-1A3956D46DE8}") = "PublishScripts", "PublishScripts", "{0F40D2A7-04F2-4176-BD3E-61927EDEC846}"
	ProjectSection(SolutionItems) = preProject
		PublishScripts\AzureVMPublishModule.psm1 = PublishScripts\AzureVMPublishModule.psm1
		PublishScripts\Publish-WebApplicationVM.ps1 = PublishScripts\Publish-WebApplicationVM.ps1
	EndProjectSection
EndProject
Project("{2150E333-8FDC-42A3-9474-1A3956D46DE8}") = "Configurations", "Configurations", "{A9FB2AD3-03A0-4AFC-B2DC-F5B4502F1325}"
	ProjectSection(SolutionItems) = preProject
		PublishScripts\Configurations\EventStorming-WAWS-dev.json = PublishScripts\Configurations\EventStorming-WAWS-dev.json
	EndProjectSection
EndProject
Global
	GlobalSection(SolutionConfigurationPlatforms) = preSolution
		Debug|Any CPU = Debug|Any CPU
		Release|Any CPU = Release|Any CPU
	EndGlobalSection
	GlobalSection(ProjectConfigurationPlatforms) = postSolution
		{3400DD98-7840-4E99-9286-52BD2E5B6759}.Debug|Any CPU.ActiveCfg = Debug|Any CPU
		{3400DD98-7840-4E99-9286-52BD2E5B6759}.Debug|Any CPU.Build.0 = Debug|Any CPU
		{3400DD98-7840-4E99-9286-52BD2E5B6759}.Release|Any CPU.ActiveCfg = Release|Any CPU
		{3400DD98-7840-4E99-9286-52BD2E5B6759}.Release|Any CPU.Build.0 = Release|Any CPU
	EndGlobalSection
	GlobalSection(SolutionProperties) = preSolution
		HideSolutionNode = FALSE
	EndGlobalSection
	GlobalSection(NestedProjects) = preSolution
		{3400DD98-7840-4E99-9286-52BD2E5B6759} = {9A404ECF-DF1D-4597-A91A-4150B636AE41}
		{A9FB2AD3-03A0-4AFC-B2DC-F5B4502F1325} = {0F40D2A7-04F2-4176-BD3E-61927EDEC846}
	EndGlobalSection
EndGlobal
